// !$*UTF8*$!
{
	archiveVersion = 1;
	classes = {
	};
	objectVersion = 55;
	objects = {

/* Begin PBXBuildFile section */
		9F0A7E4328C8956F000AC091 /* CustomNavBarContainerView.swift in Sources */ = {isa = PBXBuildFile; fileRef = 9F0A7E4228C8956F000AC091 /* CustomNavBarContainerView.swift */; };
		9F0A7E4528C8C220000AC091 /* CustomNavView.swift in Sources */ = {isa = PBXBuildFile; fileRef = 9F0A7E4428C8C220000AC091 /* CustomNavView.swift */; };
		9F49E20228D1FA3800A698FF /* Dettaglioricetta.swift in Sources */ = {isa = PBXBuildFile; fileRef = 9F49E20128D1FA3800A698FF /* Dettaglioricetta.swift */; };
		9F519FD028AABE4E00276CD1 /* CustomMainTabBar.swift in Sources */ = {isa = PBXBuildFile; fileRef = 9F519FCF28AABE4E00276CD1 /* CustomMainTabBar.swift */; };
		9F73BE4528B39F5B00E42764 /* CustomMainTabBarContainer.swift in Sources */ = {isa = PBXBuildFile; fileRef = 9F73BE4428B39F5B00E42764 /* CustomMainTabBarContainer.swift */; };
		9F73BE4728B39FA000E42764 /* CustomTabBarItemsPreferenceKey.swift in Sources */ = {isa = PBXBuildFile; fileRef = 9F73BE4628B39FA000E42764 /* CustomTabBarItemsPreferenceKey.swift */; };
		9F73BE4B28B3A00E00E42764 /* Home.swift in Sources */ = {isa = PBXBuildFile; fileRef = 9F73BE4A28B3A00E00E42764 /* Home.swift */; };
		9F73BE4D28B3A05F00E42764 /* ListaSpesa.swift in Sources */ = {isa = PBXBuildFile; fileRef = 9F73BE4C28B3A05F00E42764 /* ListaSpesa.swift */; };
		9F73BE4F28B3A07200E42764 /* RicettaCard.swift in Sources */ = {isa = PBXBuildFile; fileRef = 9F73BE4E28B3A07200E42764 /* RicettaCard.swift */; };
		9F7A4BE728C9F7FC0095F21A /* CustomNavLink.swift in Sources */ = {isa = PBXBuildFile; fileRef = 9F7A4BE628C9F7FC0095F21A /* CustomNavLink.swift */; };
		9F7A4BE928CA17100095F21A /* CustomNavBarPreferenceKeys.swift in Sources */ = {isa = PBXBuildFile; fileRef = 9F7A4BE828CA17100095F21A /* CustomNavBarPreferenceKeys.swift */; };
		9F86FE9E28D1CB9500874FD8 /* Ricetta.swift in Sources */ = {isa = PBXBuildFile; fileRef = 9F86FE9D28D1CB9500874FD8 /* Ricetta.swift */; };
		9F878DAA28A807A500CD6ABE /* Categorie.swift in Sources */ = {isa = PBXBuildFile; fileRef = 9F878DA928A807A500CD6ABE /* Categorie.swift */; };
		9F878DAC28A807C900CD6ABE /* Bilancia.swift in Sources */ = {isa = PBXBuildFile; fileRef = 9F878DAB28A807C900CD6ABE /* Bilancia.swift */; };
		9F878DAE28A808EF00CD6ABE /* Cerca.swift in Sources */ = {isa = PBXBuildFile; fileRef = 9F878DAD28A808EF00CD6ABE /* Cerca.swift */; };
		9F8BBC8A28A6AC380026F02A /* CookMoApp.swift in Sources */ = {isa = PBXBuildFile; fileRef = 9F8BBC8928A6AC380026F02A /* CookMoApp.swift */; };
		9F8BBC8C28A6AC380026F02A /* ContentView.swift in Sources */ = {isa = PBXBuildFile; fileRef = 9F8BBC8B28A6AC380026F02A /* ContentView.swift */; };
		9F8BBC8E28A6AC3A0026F02A /* Assets.xcassets in Resources */ = {isa = PBXBuildFile; fileRef = 9F8BBC8D28A6AC3A0026F02A /* Assets.xcassets */; };
		9F8BBC9128A6AC3A0026F02A /* Preview Assets.xcassets in Resources */ = {isa = PBXBuildFile; fileRef = 9F8BBC9028A6AC3A0026F02A /* Preview Assets.xcassets */; };
		9FC609CB28B3D4A500801F3A /* CustomNavBarView.swift in Sources */ = {isa = PBXBuildFile; fileRef = 9FC609CA28B3D4A500801F3A /* CustomNavBarView.swift */; };
/* End PBXBuildFile section */

/* Begin PBXFileReference section */
		9F0A7E4228C8956F000AC091 /* CustomNavBarContainerView.swift */ = {isa = PBXFileReference; lastKnownFileType = sourcecode.swift; path = CustomNavBarContainerView.swift; sourceTree = "<group>"; };
		9F0A7E4428C8C220000AC091 /* CustomNavView.swift */ = {isa = PBXFileReference; lastKnownFileType = sourcecode.swift; path = CustomNavView.swift; sourceTree = "<group>"; };
		9F49E20128D1FA3800A698FF /* Dettaglioricetta.swift */ = {isa = PBXFileReference; lastKnownFileType = sourcecode.swift; path = Dettaglioricetta.swift; sourceTree = "<group>"; };
		9F519FCF28AABE4E00276CD1 /* CustomMainTabBar.swift */ = {isa = PBXFileReference; lastKnownFileType = sourcecode.swift; path = CustomMainTabBar.swift; sourceTree = "<group>"; };
		9F73BE4428B39F5B00E42764 /* CustomMainTabBarContainer.swift */ = {isa = PBXFileReference; lastKnownFileType = sourcecode.swift; path = CustomMainTabBarContainer.swift; sourceTree = "<group>"; };
		9F73BE4628B39FA000E42764 /* CustomTabBarItemsPreferenceKey.swift */ = {isa = PBXFileReference; lastKnownFileType = sourcecode.swift; path = CustomTabBarItemsPreferenceKey.swift; sourceTree = "<group>"; };
		9F73BE4A28B3A00E00E42764 /* Home.swift */ = {isa = PBXFileReference; lastKnownFileType = sourcecode.swift; path = Home.swift; sourceTree = "<group>"; };
		9F73BE4C28B3A05F00E42764 /* ListaSpesa.swift */ = {isa = PBXFileReference; lastKnownFileType = sourcecode.swift; path = ListaSpesa.swift; sourceTree = "<group>"; };
		9F73BE4E28B3A07200E42764 /* RicettaCard.swift */ = {isa = PBXFileReference; lastKnownFileType = sourcecode.swift; path = RicettaCard.swift; sourceTree = "<group>"; };
		9F7A4BE628C9F7FC0095F21A /* CustomNavLink.swift */ = {isa = PBXFileReference; lastKnownFileType = sourcecode.swift; path = CustomNavLink.swift; sourceTree = "<group>"; };
		9F7A4BE828CA17100095F21A /* CustomNavBarPreferenceKeys.swift */ = {isa = PBXFileReference; lastKnownFileType = sourcecode.swift; path = CustomNavBarPreferenceKeys.swift; sourceTree = "<group>"; };
		9F86FE9D28D1CB9500874FD8 /* Ricetta.swift */ = {isa = PBXFileReference; lastKnownFileType = sourcecode.swift; path = Ricetta.swift; sourceTree = "<group>"; };
		9F878DA928A807A500CD6ABE /* Categorie.swift */ = {isa = PBXFileReference; lastKnownFileType = sourcecode.swift; path = Categorie.swift; sourceTree = "<group>"; };
		9F878DAB28A807C900CD6ABE /* Bilancia.swift */ = {isa = PBXFileReference; lastKnownFileType = sourcecode.swift; path = Bilancia.swift; sourceTree = "<group>"; };
		9F878DAD28A808EF00CD6ABE /* Cerca.swift */ = {isa = PBXFileReference; lastKnownFileType = sourcecode.swift; path = Cerca.swift; sourceTree = "<group>"; };
		9F8BBC8628A6AC380026F02A /* CookMo.app */ = {isa = PBXFileReference; explicitFileType = wrapper.application; includeInIndex = 0; path = CookMo.app; sourceTree = BUILT_PRODUCTS_DIR; };
		9F8BBC8928A6AC380026F02A /* CookMoApp.swift */ = {isa = PBXFileReference; lastKnownFileType = sourcecode.swift; path = CookMoApp.swift; sourceTree = "<group>"; };
		9F8BBC8B28A6AC380026F02A /* ContentView.swift */ = {isa = PBXFileReference; lastKnownFileType = sourcecode.swift; path = ContentView.swift; sourceTree = "<group>"; };
		9F8BBC8D28A6AC3A0026F02A /* Assets.xcassets */ = {isa = PBXFileReference; lastKnownFileType = folder.assetcatalog; path = Assets.xcassets; sourceTree = "<group>"; };
		9F8BBC9028A6AC3A0026F02A /* Preview Assets.xcassets */ = {isa = PBXFileReference; lastKnownFileType = folder.assetcatalog; path = "Preview Assets.xcassets"; sourceTree = "<group>"; };
		9FC609CA28B3D4A500801F3A /* CustomNavBarView.swift */ = {isa = PBXFileReference; lastKnownFileType = sourcecode.swift; path = CustomNavBarView.swift; sourceTree = "<group>"; };
/* End PBXFileReference section */

/* Begin PBXFrameworksBuildPhase section */
		9F8BBC8328A6AC380026F02A /* Frameworks */ = {
			isa = PBXFrameworksBuildPhase;
			buildActionMask = 2147483647;
			files = (
			);
			runOnlyForDeploymentPostprocessing = 0;
		};
/* End PBXFrameworksBuildPhase section */

/* Begin PBXGroup section */
		9F519FCE28AABE2300276CD1 /* tabBar_custom */ = {
			isa = PBXGroup;
			children = (
				9F519FCF28AABE4E00276CD1 /* CustomMainTabBar.swift */,
				9F73BE4428B39F5B00E42764 /* CustomMainTabBarContainer.swift */,
				9F73BE4628B39FA000E42764 /* CustomTabBarItemsPreferenceKey.swift */,
			);
			path = tabBar_custom;
			sourceTree = "<group>";
		};
		9F73BE4928B39FD800E42764 /* HomePage */ = {
			isa = PBXGroup;
			children = (
				9F73BE4A28B3A00E00E42764 /* Home.swift */,
			);
			path = HomePage;
			sourceTree = "<group>";
		};
		9F73BE5028B3CA4400E42764 /* navigationbar_custom */ = {
			isa = PBXGroup;
			children = (
				9FC609CA28B3D4A500801F3A /* CustomNavBarView.swift */,
				9F0A7E4228C8956F000AC091 /* CustomNavBarContainerView.swift */,
				9F0A7E4428C8C220000AC091 /* CustomNavView.swift */,
				9F7A4BE628C9F7FC0095F21A /* CustomNavLink.swift */,
				9F7A4BE828CA17100095F21A /* CustomNavBarPreferenceKeys.swift */,
			);
			path = navigationbar_custom;
			sourceTree = "<group>";
		};
		9F86FE9C28D1CB8500874FD8 /* Ricetta */ = {
			isa = PBXGroup;
			children = (
				9F73BE4E28B3A07200E42764 /* RicettaCard.swift */,
				9F86FE9D28D1CB9500874FD8 /* Ricetta.swift */,
				9F49E20128D1FA3800A698FF /* Dettaglioricetta.swift */,
			);
			path = Ricetta;
			sourceTree = "<group>";
		};
		9F8BBC7D28A6AC380026F02A = {
			isa = PBXGroup;
			children = (
				9F8BBC8828A6AC380026F02A /* CookMo */,
				9F8BBC8728A6AC380026F02A /* Products */,
			);
			sourceTree = "<group>";
		};
		9F8BBC8728A6AC380026F02A /* Products */ = {
			isa = PBXGroup;
			children = (
				9F8BBC8628A6AC380026F02A /* CookMo.app */,
			);
			name = Products;
			sourceTree = "<group>";
		};
		9F8BBC8828A6AC380026F02A /* CookMo */ = {
			isa = PBXGroup;
			children = (
				9F8BBC8B28A6AC380026F02A /* ContentView.swift */,
				9F8BBC8928A6AC380026F02A /* CookMoApp.swift */,
				9F73BE5028B3CA4400E42764 /* navigationbar_custom */,
				9F73BE4928B39FD800E42764 /* HomePage */,
				9F519FCE28AABE2300276CD1 /* tabBar_custom */,
				9F878DA928A807A500CD6ABE /* Categorie.swift */,
				9F878DAB28A807C900CD6ABE /* Bilancia.swift */,
				9F878DAD28A808EF00CD6ABE /* Cerca.swift */,
				9F8BBC8D28A6AC3A0026F02A /* Assets.xcassets */,
				9F8BBC8F28A6AC3A0026F02A /* Preview Content */,
				9F73BE4C28B3A05F00E42764 /* ListaSpesa.swift */,
				9F86FE9C28D1CB8500874FD8 /* Ricetta */,
			);
			path = CookMo;
			sourceTree = "<group>";
		};
		9F8BBC8F28A6AC3A0026F02A /* Preview Content */ = {
			isa = PBXGroup;
			children = (
				9F8BBC9028A6AC3A0026F02A /* Preview Assets.xcassets */,
			);
			path = "Preview Content";
			sourceTree = "<group>";
		};
/* End PBXGroup section */

/* Begin PBXNativeTarget section */
		9F8BBC8528A6AC380026F02A /* CookMo */ = {
			isa = PBXNativeTarget;
			buildConfigurationList = 9F8BBC9428A6AC3A0026F02A /* Build configuration list for PBXNativeTarget "CookMo" */;
			buildPhases = (
				9F8BBC8228A6AC380026F02A /* Sources */,
				9F8BBC8328A6AC380026F02A /* Frameworks */,
				9F8BBC8428A6AC380026F02A /* Resources */,
			);
			buildRules = (
			);
			dependencies = (
			);
			name = CookMo;
			productName = CookMo;
			productReference = 9F8BBC8628A6AC380026F02A /* CookMo.app */;
			productType = "com.apple.product-type.application";
		};
/* End PBXNativeTarget section */

/* Begin PBXProject section */
		9F8BBC7E28A6AC380026F02A /* Project object */ = {
			isa = PBXProject;
			attributes = {
				BuildIndependentTargetsInParallel = 1;
				LastSwiftUpdateCheck = 1340;
				LastUpgradeCheck = 1340;
				TargetAttributes = {
					9F8BBC8528A6AC380026F02A = {
						CreatedOnToolsVersion = 13.4.1;
					};
				};
			};
			buildConfigurationList = 9F8BBC8128A6AC380026F02A /* Build configuration list for PBXProject "CookMo" */;
			compatibilityVersion = "Xcode 13.0";
			developmentRegion = en;
			hasScannedForEncodings = 0;
			knownRegions = (
				en,
				Base,
			);
			mainGroup = 9F8BBC7D28A6AC380026F02A;
			productRefGroup = 9F8BBC8728A6AC380026F02A /* Products */;
			projectDirPath = "";
			projectRoot = "";
			targets = (
				9F8BBC8528A6AC380026F02A /* CookMo */,
			);
		};
/* End PBXProject section */

/* Begin PBXResourcesBuildPhase section */
		9F8BBC8428A6AC380026F02A /* Resources */ = {
			isa = PBXResourcesBuildPhase;
			buildActionMask = 2147483647;
			files = (
				9F8BBC9128A6AC3A0026F02A /* Preview Assets.xcassets in Resources */,
				9F8BBC8E28A6AC3A0026F02A /* Assets.xcassets in Resources */,
			);
			runOnlyForDeploymentPostprocessing = 0;
		};
/* End PBXResourcesBuildPhase section */

/* Begin PBXSourcesBuildPhase section */
		9F8BBC8228A6AC380026F02A /* Sources */ = {
			isa = PBXSourcesBuildPhase;
			buildActionMask = 2147483647;
			files = (
				9F8BBC8C28A6AC380026F02A /* ContentView.swift in Sources */,
				9F73BE4728B39FA000E42764 /* CustomTabBarItemsPreferenceKey.swift in Sources */,
				9F73BE4B28B3A00E00E42764 /* Home.swift in Sources */,
				9F73BE4528B39F5B00E42764 /* CustomMainTabBarContainer.swift in Sources */,
				9F7A4BE728C9F7FC0095F21A /* CustomNavLink.swift in Sources */,
				9F878DAC28A807C900CD6ABE /* Bilancia.swift in Sources */,
				9F7A4BE928CA17100095F21A /* CustomNavBarPreferenceKeys.swift in Sources */,
				9F878DAE28A808EF00CD6ABE /* Cerca.swift in Sources */,
				9F73BE4D28B3A05F00E42764 /* ListaSpesa.swift in Sources */,
				9F73BE4F28B3A07200E42764 /* RicettaCard.swift in Sources */,
				9F519FD028AABE4E00276CD1 /* CustomMainTabBar.swift in Sources */,
				9FC609CB28B3D4A500801F3A /* CustomNavBarView.swift in Sources */,
				9F878DAA28A807A500CD6ABE /* Categorie.swift in Sources */,
				9F0A7E4328C8956F000AC091 /* CustomNavBarContainerView.swift in Sources */,
				9F49E20228D1FA3800A698FF /* Dettaglioricetta.swift in Sources */,
				9F8BBC8A28A6AC380026F02A /* CookMoApp.swift in Sources */,
				9F86FE9E28D1CB9500874FD8 /* Ricetta.swift in Sources */,
				9F0A7E4528C8C220000AC091 /* CustomNavView.swift in Sources */,
			);
			runOnlyForDeploymentPostprocessing = 0;
		};
/* End PBXSourcesBuildPhase section */

/* Begin XCBuildConfiguration section */
		9F8BBC9228A6AC3A0026F02A /* Debug */ = {
			isa = XCBuildConfiguration;
			buildSettings = {
				ALWAYS_SEARCH_USER_PATHS = NO;
				CLANG_ANALYZER_NONNULL = YES;
				CLANG_ANALYZER_NUMBER_OBJECT_CONVERSION = YES_AGGRESSIVE;
				CLANG_CXX_LANGUAGE_STANDARD = "gnu++17";
				CLANG_ENABLE_MODULES = YES;
				CLANG_ENABLE_OBJC_ARC = YES;
				CLANG_ENABLE_OBJC_WEAK = YES;
				CLANG_WARN_BLOCK_CAPTURE_AUTORELEASING = YES;
				CLANG_WARN_BOOL_CONVERSION = YES;
				CLANG_WARN_COMMA = YES;
				CLANG_WARN_CONSTANT_CONVERSION = YES;
				CLANG_WARN_DEPRECATED_OBJC_IMPLEMENTATIONS = YES;
				CLANG_WARN_DIRECT_OBJC_ISA_USAGE = YES_ERROR;
				CLANG_WARN_DOCUMENTATION_COMMENTS = YES;
				CLANG_WARN_EMPTY_BODY = YES;
				CLANG_WARN_ENUM_CONVERSION = YES;
				CLANG_WARN_INFINITE_RECURSION = YES;
				CLANG_WARN_INT_CONVERSION = YES;
				CLANG_WARN_NON_LITERAL_NULL_CONVERSION = YES;
				CLANG_WARN_OBJC_IMPLICIT_RETAIN_SELF = YES;
				CLANG_WARN_OBJC_LITERAL_CONVERSION = YES;
				CLANG_WARN_OBJC_ROOT_CLASS = YES_ERROR;
				CLANG_WARN_QUOTED_INCLUDE_IN_FRAMEWORK_HEADER = YES;
				CLANG_WARN_RANGE_LOOP_ANALYSIS = YES;
				CLANG_WARN_STRICT_PROTOTYPES = YES;
				CLANG_WARN_SUSPICIOUS_MOVE = YES;
				CLANG_WARN_UNGUARDED_AVAILABILITY = YES_AGGRESSIVE;
				CLANG_WARN_UNREACHABLE_CODE = YES;
				CLANG_WARN__DUPLICATE_METHOD_MATCH = YES;
				COPY_PHASE_STRIP = NO;
				DEBUG_INFORMATION_FORMAT = dwarf;
				ENABLE_STRICT_OBJC_MSGSEND = YES;
				ENABLE_TESTABILITY = YES;
				GCC_C_LANGUAGE_STANDARD = gnu11;
				GCC_DYNAMIC_NO_PIC = NO;
				GCC_NO_COMMON_BLOCKS = YES;
				GCC_OPTIMIZATION_LEVEL = 0;
				GCC_PREPROCESSOR_DEFINITIONS = (
					"DEBUG=1",
					"$(inherited)",
				);
				GCC_WARN_64_TO_32_BIT_CONVERSION = YES;
				GCC_WARN_ABOUT_RETURN_TYPE = YES_ERROR;
				GCC_WARN_UNDECLARED_SELECTOR = YES;
				GCC_WARN_UNINITIALIZED_AUTOS = YES_AGGRESSIVE;
				GCC_WARN_UNUSED_FUNCTION = YES;
				GCC_WARN_UNUSED_VARIABLE = YES;
				IPHONEOS_DEPLOYMENT_TARGET = 15.5;
				MTL_ENABLE_DEBUG_INFO = INCLUDE_SOURCE;
				MTL_FAST_MATH = YES;
				ONLY_ACTIVE_ARCH = YES;
				SDKROOT = iphoneos;
				SWIFT_ACTIVE_COMPILATION_CONDITIONS = DEBUG;
				SWIFT_OPTIMIZATION_LEVEL = "-Onone";
			};
			name = Debug;
		};
		9F8BBC9328A6AC3A0026F02A /* Release */ = {
			isa = XCBuildConfiguration;
			buildSettings = {
				ALWAYS_SEARCH_USER_PATHS = NO;
				CLANG_ANALYZER_NONNULL = YES;
				CLANG_ANALYZER_NUMBER_OBJECT_CONVERSION = YES_AGGRESSIVE;
				CLANG_CXX_LANGUAGE_STANDARD = "gnu++17";
				CLANG_ENABLE_MODULES = YES;
				CLANG_ENABLE_OBJC_ARC = YES;
				CLANG_ENABLE_OBJC_WEAK = YES;
				CLANG_WARN_BLOCK_CAPTURE_AUTORELEASING = YES;
				CLANG_WARN_BOOL_CONVERSION = YES;
				CLANG_WARN_COMMA = YES;
				CLANG_WARN_CONSTANT_CONVERSION = YES;
				CLANG_WARN_DEPRECATED_OBJC_IMPLEMENTATIONS = YES;
				CLANG_WARN_DIRECT_OBJC_ISA_USAGE = YES_ERROR;
				CLANG_WARN_DOCUMENTATION_COMMENTS = YES;
				CLANG_WARN_EMPTY_BODY = YES;
				CLANG_WARN_ENUM_CONVERSION = YES;
				CLANG_WARN_INFINITE_RECURSION = YES;
				CLANG_WARN_INT_CONVERSION = YES;
				CLANG_WARN_NON_LITERAL_NULL_CONVERSION = YES;
				CLANG_WARN_OBJC_IMPLICIT_RETAIN_SELF = YES;
				CLANG_WARN_OBJC_LITERAL_CONVERSION = YES;
				CLANG_WARN_OBJC_ROOT_CLASS = YES_ERROR;
				CLANG_WARN_QUOTED_INCLUDE_IN_FRAMEWORK_HEADER = YES;
				CLANG_WARN_RANGE_LOOP_ANALYSIS = YES;
				CLANG_WARN_STRICT_PROTOTYPES = YES;
				CLANG_WARN_SUSPICIOUS_MOVE = YES;
				CLANG_WARN_UNGUARDED_AVAILABILITY = YES_AGGRESSIVE;
				CLANG_WARN_UNREACHABLE_CODE = YES;
				CLANG_WARN__DUPLICATE_METHOD_MATCH = YES;
				COPY_PHASE_STRIP = NO;
				DEBUG_INFORMATION_FORMAT = "dwarf-with-dsym";
				ENABLE_NS_ASSERTIONS = NO;
				ENABLE_STRICT_OBJC_MSGSEND = YES;
				GCC_C_LANGUAGE_STANDARD = gnu11;
				GCC_NO_COMMON_BLOCKS = YES;
				GCC_WARN_64_TO_32_BIT_CONVERSION = YES;
				GCC_WARN_ABOUT_RETURN_TYPE = YES_ERROR;
				GCC_WARN_UNDECLARED_SELECTOR = YES;
				GCC_WARN_UNINITIALIZED_AUTOS = YES_AGGRESSIVE;
				GCC_WARN_UNUSED_FUNCTION = YES;
				GCC_WARN_UNUSED_VARIABLE = YES;
				IPHONEOS_DEPLOYMENT_TARGET = 15.5;
				MTL_ENABLE_DEBUG_INFO = NO;
				MTL_FAST_MATH = YES;
				SDKROOT = iphoneos;
				SWIFT_COMPILATION_MODE = wholemodule;
				SWIFT_OPTIMIZATION_LEVEL = "-O";
				VALIDATE_PRODUCT = YES;
			};
			name = Release;
		};
		9F8BBC9528A6AC3A0026F02A /* Debug */ = {
			isa = XCBuildConfiguration;
			buildSettings = {
				ASSETCATALOG_COMPILER_APPICON_NAME = AppIcon;
				ASSETCATALOG_COMPILER_GLOBAL_ACCENT_COLOR_NAME = AccentColor;
				CODE_SIGN_STYLE = Automatic;
				CURRENT_PROJECT_VERSION = 1;
				DEVELOPMENT_ASSET_PATHS = "\"CookMo/Preview Content\"";
				DEVELOPMENT_TEAM = J3MC5V8GF2;
				ENABLE_PREVIEWS = YES;
				GENERATE_INFOPLIST_FILE = YES;
				INFOPLIST_KEY_UIApplicationSceneManifest_Generation = YES;
				INFOPLIST_KEY_UIApplicationSupportsIndirectInputEvents = YES;
				INFOPLIST_KEY_UILaunchScreen_Generation = YES;
				INFOPLIST_KEY_UISupportedInterfaceOrientations_iPad = "UIInterfaceOrientationPortrait UIInterfaceOrientationPortraitUpsideDown UIInterfaceOrientationLandscapeLeft UIInterfaceOrientationLandscapeRight";
				INFOPLIST_KEY_UISupportedInterfaceOrientations_iPhone = "UIInterfaceOrientationPortrait UIInterfaceOrientationLandscapeLeft UIInterfaceOrientationLandscapeRight";
				LD_RUNPATH_SEARCH_PATHS = (
					"$(inherited)",
					"@executable_path/Frameworks",
				);
				MARKETING_VERSION = 1.0;
				PRODUCT_BUNDLE_IDENTIFIER = text.tezs;
				PRODUCT_NAME = "$(TARGET_NAME)";
				SWIFT_EMIT_LOC_STRINGS = YES;
				SWIFT_VERSION = 5.0;
				TARGETED_DEVICE_FAMILY = "1,2";
			};
			name = Debug;
		};
		9F8BBC9628A6AC3A0026F02A /* Release */ = {
			isa = XCBuildConfiguration;
			buildSettings = {
				ASSETCATALOG_COMPILER_APPICON_NAME = AppIcon;
				ASSETCATALOG_COMPILER_GLOBAL_ACCENT_COLOR_NAME = AccentColor;
				CODE_SIGN_STYLE = Automatic;
				CURRENT_PROJECT_VERSION = 1;
				DEVELOPMENT_ASSET_PATHS = "\"CookMo/Preview Content\"";
				DEVELOPMENT_TEAM = J3MC5V8GF2;
				ENABLE_PREVIEWS = YES;
				GENERATE_INFOPLIST_FILE = YES;
				INFOPLIST_KEY_UIApplicationSceneManifest_Generation = YES;
				INFOPLIST_KEY_UIApplicationSupportsIndirectInputEvents = YES;
				INFOPLIST_KEY_UILaunchScreen_Generation = YES;
				INFOPLIST_KEY_UISupportedInterfaceOrientations_iPad = "UIInterfaceOrientationPortrait UIInterfaceOrientationPortraitUpsideDown UIInterfaceOrientationLandscapeLeft UIInterfaceOrientationLandscapeRight";
				INFOPLIST_KEY_UISupportedInterfaceOrientations_iPhone = "UIInterfaceOrientationPortrait UIInterfaceOrientationLandscapeLeft UIInterfaceOrientationLandscapeRight";
				LD_RUNPATH_SEARCH_PATHS = (
					"$(inherited)",
					"@executable_path/Frameworks",
				);
				MARKETING_VERSION = 1.0;
				PRODUCT_BUNDLE_IDENTIFIER = text.tezs;
				PRODUCT_NAME = "$(TARGET_NAME)";
				SWIFT_EMIT_LOC_STRINGS = YES;
				SWIFT_VERSION = 5.0;
				TARGETED_DEVICE_FAMILY = "1,2";
			};
			name = Release;
		};
/* End XCBuildConfiguration section */

/* Begin XCConfigurationList section */
		9F8BBC8128A6AC380026F02A /* Build configuration list for PBXProject "CookMo" */ = {
			isa = XCConfigurationList;
			buildConfigurations = (
				9F8BBC9228A6AC3A0026F02A /* Debug */,
				9F8BBC9328A6AC3A0026F02A /* Release */,
			);
			defaultConfigurationIsVisible = 0;
			defaultConfigurationName = Release;
		};
		9F8BBC9428A6AC3A0026F02A /* Build configuration list for PBXNativeTarget "CookMo" */ = {
			isa = XCConfigurationList;
			buildConfigurations = (
				9F8BBC9528A6AC3A0026F02A /* Debug */,
				9F8BBC9628A6AC3A0026F02A /* Release */,
			);
			defaultConfigurationIsVisible = 0;
			defaultConfigurationName = Release;
		};
/* End XCConfigurationList section */
	};
	rootObject = 9F8BBC7E28A6AC380026F02A /* Project object */;
}
